// !$*UTF8*$!
{
	archiveVersion = 1;
	classes = {
	};
	objectVersion = 50;
	objects = {

/* Begin PBXBuildFile section */
		D9FFE8932159D43E00A82E03 /* AppDelegate.swift in Sources */ = {isa = PBXBuildFile; fileRef = D9FFE8922159D43E00A82E03 /* AppDelegate.swift */; };
		D9FFE8952159D43E00A82E03 /* ViewController.swift in Sources */ = {isa = PBXBuildFile; fileRef = D9FFE8942159D43E00A82E03 /* ViewController.swift */; };
		D9FFE8982159D43E00A82E03 /* Main.storyboard in Resources */ = {isa = PBXBuildFile; fileRef = D9FFE8962159D43E00A82E03 /* Main.storyboard */; };
		D9FFE89B2159D43E00A82E03 /* Mus2018.xcdatamodeld in Sources */ = {isa = PBXBuildFile; fileRef = D9FFE8992159D43E00A82E03 /* Mus2018.xcdatamodeld */; };
		D9FFE89D2159D43F00A82E03 /* Assets.xcassets in Resources */ = {isa = PBXBuildFile; fileRef = D9FFE89C2159D43F00A82E03 /* Assets.xcassets */; };
		D9FFE8A02159D43F00A82E03 /* LaunchScreen.storyboard in Resources */ = {isa = PBXBuildFile; fileRef = D9FFE89E2159D43F00A82E03 /* LaunchScreen.storyboard */; };
/* End PBXBuildFile section */

/* Begin PBXFileReference section */
		D9FFE88F2159D43E00A82E03 /* Mus2018.app */ = {isa = PBXFileReference; explicitFileType = wrapper.application; includeInIndex = 0; path = Mus2018.app; sourceTree = BUILT_PRODUCTS_DIR; };
		D9FFE8922159D43E00A82E03 /* AppDelegate.swift */ = {isa = PBXFileReference; lastKnownFileType = sourcecode.swift; path = AppDelegate.swift; sourceTree = "<group>"; };
		D9FFE8942159D43E00A82E03 /* ViewController.swift */ = {isa = PBXFileReference; lastKnownFileType = sourcecode.swift; path = ViewController.swift; sourceTree = "<group>"; };
		D9FFE8972159D43E00A82E03 /* Base */ = {isa = PBXFileReference; lastKnownFileType = file.storyboard; name = Base; path = Base.lproj/Main.storyboard; sourceTree = "<group>"; };
		D9FFE89A2159D43E00A82E03 /* Mus2018.xcdatamodel */ = {isa = PBXFileReference; lastKnownFileType = wrapper.xcdatamodel; path = Mus2018.xcdatamodel; sourceTree = "<group>"; };
		D9FFE89C2159D43F00A82E03 /* Assets.xcassets */ = {isa = PBXFileReference; lastKnownFileType = folder.assetcatalog; path = Assets.xcassets; sourceTree = "<group>"; };
		D9FFE89F2159D43F00A82E03 /* Base */ = {isa = PBXFileReference; lastKnownFileType = file.storyboard; name = Base; path = Base.lproj/LaunchScreen.storyboard; sourceTree = "<group>"; };
		D9FFE8A12159D43F00A82E03 /* Info.plist */ = {isa = PBXFileReference; lastKnownFileType = text.plist.xml; path = Info.plist; sourceTree = "<group>"; };
/* End PBXFileReference section */

/* Begin PBXFrameworksBuildPhase section */
		D9FFE88C2159D43E00A82E03 /* Frameworks */ = {
			isa = PBXFrameworksBuildPhase;
			buildActionMask = 2147483647;
			files = (
			);
			runOnlyForDeploymentPostprocessing = 0;
		};
/* End PBXFrameworksBuildPhase section */

/* Begin PBXGroup section */
		D9FFE8862159D43E00A82E03 = {
			isa = PBXGroup;
			children = (
				D9FFE8912159D43E00A82E03 /* Mus2018 */,
				D9FFE8902159D43E00A82E03 /* Products */,
			);
			sourceTree = "<group>";
		};
		D9FFE8902159D43E00A82E03 /* Products */ = {
			isa = PBXGroup;
			children = (
				D9FFE88F2159D43E00A82E03 /* Mus2018.app */,
			);
			name = Products;
			sourceTree = "<group>";
		};
		D9FFE8912159D43E00A82E03 /* Mus2018 */ = {
			isa = PBXGroup;
			children = (
				D9FFE8922159D43E00A82E03 /* AppDelegate.swift */,
				D9FFE8942159D43E00A82E03 /* ViewController.swift */,
				D9FFE8962159D43E00A82E03 /* Main.storyboard */,
				D9FFE89C2159D43F00A82E03 /* Assets.xcassets */,
				D9FFE89E2159D43F00A82E03 /* LaunchScreen.storyboard */,
				D9FFE8A12159D43F00A82E03 /* Info.plist */,
				D9FFE8992159D43E00A82E03 /* Mus2018.xcdatamodeld */,
			);
			path = Mus2018;
			sourceTree = "<group>";
		};
/* End PBXGroup section */

/* Begin PBXNativeTarget section */
		D9FFE88E2159D43E00A82E03 /* Mus2018 */ = {
			isa = PBXNativeTarget;
			buildConfigurationList = D9FFE8A42159D43F00A82E03 /* Build configuration list for PBXNativeTarget "Mus2018" */;
			buildPhases = (
				D9FFE88B2159D43E00A82E03 /* Sources */,
				D9FFE88C2159D43E00A82E03 /* Frameworks */,
				D9FFE88D2159D43E00A82E03 /* Resources */,
			);
			buildRules = (
			);
			dependencies = (
			);
			name = Mus2018;
			productName = Mus2018;
			productReference = D9FFE88F2159D43E00A82E03 /* Mus2018.app */;
			productType = "com.apple.product-type.application";
		};
/* End PBXNativeTarget section */

/* Begin PBXProject section */
		D9FFE8872159D43E00A82E03 /* Project object */ = {
			isa = PBXProject;
			attributes = {
				LastSwiftUpdateCheck = 1000;
				LastUpgradeCheck = 1000;
				ORGANIZATIONNAME = hytexts;
				TargetAttributes = {
					D9FFE88E2159D43E00A82E03 = {
						CreatedOnToolsVersion = 10.0;
					};
				};
			};
			buildConfigurationList = D9FFE88A2159D43E00A82E03 /* Build configuration list for PBXProject "Mus2018" */;
			compatibilityVersion = "Xcode 9.3";
			developmentRegion = en;
			hasScannedForEncodings = 0;
			knownRegions = (
				en,
				Base,
			);
			mainGroup = D9FFE8862159D43E00A82E03;
			productRefGroup = D9FFE8902159D43E00A82E03 /* Products */;
			projectDirPath = "";
			projectRoot = "";
			targets = (
				D9FFE88E2159D43E00A82E03 /* Mus2018 */,
			);
		};
/* End PBXProject section */

/* Begin PBXResourcesBuildPhase section */
		D9FFE88D2159D43E00A82E03 /* Resources */ = {
			isa = PBXResourcesBuildPhase;
			buildActionMask = 2147483647;
			files = (
				D9FFE8A02159D43F00A82E03 /* LaunchScreen.storyboard in Resources */,
				D9FFE89D2159D43F00A82E03 /* Assets.xcassets in Resources */,
				D9FFE8982159D43E00A82E03 /* Main.storyboard in Resources */,
			);
			runOnlyForDeploymentPostprocessing = 0;
		};
/* End PBXResourcesBuildPhase section */

/* Begin PBXSourcesBuildPhase section */
		D9FFE88B2159D43E00A82E03 /* Sources */ = {
			isa = PBXSourcesBuildPhase;
			buildActionMask = 2147483647;
			files = (
				D9FFE89B2159D43E00A82E03 /* Mus2018.xcdatamodeld in Sources */,
				D9FFE8952159D43E00A82E03 /* ViewController.swift in Sources */,
				D9FFE8932159D43E00A82E03 /* AppDelegate.swift in Sources */,
			);
			runOnlyForDeploymentPostprocessing = 0;
		};
/* End PBXSourcesBuildPhase section */

/* Begin PBXVariantGroup section */
		D9FFE8962159D43E00A82E03 /* Main.storyboard */ = {
			isa = PBXVariantGroup;
			children = (
				D9FFE8972159D43E00A82E03 /* Base */,
			);
			name = Main.storyboard;
			sourceTree = "<group>";
		};
		D9FFE89E2159D43F00A82E03 /* LaunchScreen.storyboard */ = {
			isa = PBXVariantGroup;
			children = (
				D9FFE89F2159D43F00A82E03 /* Base */,
			);
			name = LaunchScreen.storyboard;
			sourceTree = "<group>";
		};
/* End PBXVariantGroup section */

/* Begin XCBuildConfiguration section */
		D9FFE8A22159D43F00A82E03 /* Debug */ = {
			isa = XCBuildConfiguration;
			buildSettings = {
				ALWAYS_SEARCH_USER_PATHS = NO;
				CLANG_ANALYZER_NONNULL = YES;
				CLANG_ANALYZER_NUMBER_OBJECT_CONVERSION = YES_AGGRESSIVE;
				CLANG_CXX_LANGUAGE_STANDARD = "gnu++14";
				CLANG_CXX_LIBRARY = "libc++";
				CLANG_ENABLE_MODULES = YES;
				CLANG_ENABLE_OBJC_ARC = YES;
				CLANG_ENABLE_OBJC_WEAK = YES;
				CLANG_WARN_BLOCK_CAPTURE_AUTORELEASING = YES;
				CLANG_WARN_BOOL_CONVERSION = YES;
				CLANG_WARN_COMMA = YES;
				CLANG_WARN_CONSTANT_CONVERSION = YES;
				CLANG_WARN_DEPRECATED_OBJC_IMPLEMENTATIONS = YES;
				CLANG_WARN_DIRECT_OBJC_ISA_USAGE = YES_ERROR;
				CLANG_WARN_DOCUMENTATION_COMMENTS = YES;
				CLANG_WARN_EMPTY_BODY = YES;
				CLANG_WARN_ENUM_CONVERSION = YES;
				CLANG_WARN_INFINITE_RECURSION = YES;
				CLANG_WARN_INT_CONVERSION = YES;
				CLANG_WARN_NON_LITERAL_NULL_CONVERSION = YES;
				CLANG_WARN_OBJC_IMPLICIT_RETAIN_SELF = YES;
				CLANG_WARN_OBJC_LITERAL_CONVERSION = YES;
				CLANG_WARN_OBJC_ROOT_CLASS = YES_ERROR;
				CLANG_WARN_RANGE_LOOP_ANALYSIS = YES;
				CLANG_WARN_STRICT_PROTOTYPES = YES;
				CLANG_WARN_SUSPICIOUS_MOVE = YES;
				CLANG_WARN_UNGUARDED_AVAILABILITY = YES_AGGRESSIVE;
				CLANG_WARN_UNREACHABLE_CODE = YES;
				CLANG_WARN__DUPLICATE_METHOD_MATCH = YES;
				CODE_SIGN_IDENTITY = "iPhone Developer";
				COPY_PHASE_STRIP = NO;
				DEBUG_INFORMATION_FORMAT = dwarf;
				ENABLE_STRICT_OBJC_MSGSEND = YES;
				ENABLE_TESTABILITY = YES;
				GCC_C_LANGUAGE_STANDARD = gnu11;
				GCC_DYNAMIC_NO_PIC = NO;
				GCC_NO_COMMON_BLOCKS = YES;
				GCC_OPTIMIZATION_LEVEL = 0;
				GCC_PREPROCESSOR_DEFINITIONS = (
					"DEBUG=1",
					"$(inherited)",
				);
				GCC_WARN_64_TO_32_BIT_CONVERSION = YES;
				GCC_WARN_ABOUT_RETURN_TYPE = YES_ERROR;
				GCC_WARN_UNDECLARED_SELECTOR = YES;
				GCC_WARN_UNINITIALIZED_AUTOS = YES_AGGRESSIVE;
				GCC_WARN_UNUSED_FUNCTION = YES;
				GCC_WARN_UNUSED_VARIABLE = YES;
				IPHONEOS_DEPLOYMENT_TARGET = 12.0;
				MTL_ENABLE_DEBUG_INFO = INCLUDE_SOURCE;
				MTL_FAST_MATH = YES;
				ONLY_ACTIVE_ARCH = YES;
				SDKROOT = iphoneos;
				SWIFT_ACTIVE_COMPILATION_CONDITIONS = DEBUG;
				SWIFT_OPTIMIZATION_LEVEL = "-Onone";
			};
			name = Debug;
		};
		D9FFE8A32159D43F00A82E03 /* Release */ = {
			isa = XCBuildConfiguration;
			buildSettings = {
				ALWAYS_SEARCH_USER_PATHS = NO;
				CLANG_ANALYZER_NONNULL = YES;
				CLANG_ANALYZER_NUMBER_OBJECT_CONVERSION = YES_AGGRESSIVE;
				CLANG_CXX_LANGUAGE_STANDARD = "gnu++14";
				CLANG_CXX_LIBRARY = "libc++";
				CLANG_ENABLE_MODULES = YES;
				CLANG_ENABLE_OBJC_ARC = YES;
				CLANG_ENABLE_OBJC_WEAK = YES;
				CLANG_WARN_BLOCK_CAPTURE_AUTORELEASING = YES;
				CLANG_WARN_BOOL_CONVERSION = YES;
				CLANG_WARN_COMMA = YES;
				CLANG_WARN_CONSTANT_CONVERSION = YES;
				CLANG_WARN_DEPRECATED_OBJC_IMPLEMENTATIONS = YES;
				CLANG_WARN_DIRECT_OBJC_ISA_USAGE = YES_ERROR;
				CLANG_WARN_DOCUMENTATION_COMMENTS = YES;
				CLANG_WARN_EMPTY_BODY = YES;
				CLANG_WARN_ENUM_CONVERSION = YES;
				CLANG_WARN_INFINITE_RECURSION = YES;
				CLANG_WARN_INT_CONVERSION = YES;
				CLANG_WARN_NON_LITERAL_NULL_CONVERSION = YES;
				CLANG_WARN_OBJC_IMPLICIT_RETAIN_SELF = YES;
				CLANG_WARN_OBJC_LITERAL_CONVERSION = YES;
				CLANG_WARN_OBJC_ROOT_CLASS = YES_ERROR;
				CLANG_WARN_RANGE_LOOP_ANALYSIS = YES;
				CLANG_WARN_STRICT_PROTOTYPES = YES;
				CLANG_WARN_SUSPICIOUS_MOVE = YES;
				CLANG_WARN_UNGUARDED_AVAILABILITY = YES_AGGRESSIVE;
				CLANG_WARN_UNREACHABLE_CODE = YES;
				CLANG_WARN__DUPLICATE_METHOD_MATCH = YES;
				CODE_SIGN_IDENTITY = "iPhone Developer";
				COPY_PHASE_STRIP = NO;
				DEBUG_INFORMATION_FORMAT = "dwarf-with-dsym";
				ENABLE_NS_ASSERTIONS = NO;
				ENABLE_STRICT_OBJC_MSGSEND = YES;
				GCC_C_LANGUAGE_STANDARD = gnu11;
				GCC_NO_COMMON_BLOCKS = YES;
				GCC_WARN_64_TO_32_BIT_CONVERSION = YES;
				GCC_WARN_ABOUT_RETURN_TYPE = YES_ERROR;
				GCC_WARN_UNDECLARED_SELECTOR = YES;
				GCC_WARN_UNINITIALIZED_AUTOS = YES_AGGRESSIVE;
				GCC_WARN_UNUSED_FUNCTION = YES;
				GCC_WARN_UNUSED_VARIABLE = YES;
				IPHONEOS_DEPLOYMENT_TARGET = 12.0;
				MTL_ENABLE_DEBUG_INFO = NO;
				MTL_FAST_MATH = YES;
				SDKROOT = iphoneos;
				SWIFT_COMPILATION_MODE = wholemodule;
				SWIFT_OPTIMIZATION_LEVEL = "-O";
				VALIDATE_PRODUCT = YES;
			};
			name = Release;
		};
		D9FFE8A52159D43F00A82E03 /* Debug */ = {
			isa = XCBuildConfiguration;
			buildSettings = {
				ASSETCATALOG_COMPILER_APPICON_NAME = AppIcon;
				CODE_SIGN_STYLE = Automatic;
				INFOPLIST_FILE = Mus2018/Info.plist;
				LD_RUNPATH_SEARCH_PATHS = (
					"$(inherited)",
					"@executable_path/Frameworks",
				);
				PRODUCT_BUNDLE_IDENTIFIER = com.hytexts.Mus2018;
				PRODUCT_NAME = "$(TARGET_NAME)";
				SWIFT_VERSION = 4.2;
				TARGETED_DEVICE_FAMILY = "1,2";
			};
			name = Debug;
		};
		D9FFE8A62159D43F00A82E03 /* Release */ = {
			isa = XCBuildConfiguration;
			buildSettings = {
				ASSETCATALOG_COMPILER_APPICON_NAME = AppIcon;
				CODE_SIGN_STYLE = Automatic;
				INFOPLIST_FILE = Mus2018/Info.plist;
				LD_RUNPATH_SEARCH_PATHS = (
					"$(inherited)",
					"@executable_path/Frameworks",
				);
				PRODUCT_BUNDLE_IDENTIFIER = com.hytexts.Mus2018;
				PRODUCT_NAME = "$(TARGET_NAME)";
				SWIFT_VERSION = 4.2;
				TARGETED_DEVICE_FAMILY = "1,2";
			};
			name = Release;
		};
/* End XCBuildConfiguration section */

/* Begin XCConfigurationList section */
		D9FFE88A2159D43E00A82E03 /* Build configuration list for PBXProject "Mus2018" */ = {
			isa = XCConfigurationList;
			buildConfigurations = (
				D9FFE8A22159D43F00A82E03 /* Debug */,
				D9FFE8A32159D43F00A82E03 /* Release */,
			);
			defaultConfigurationIsVisible = 0;
			defaultConfigurationName = Release;
		};
		D9FFE8A42159D43F00A82E03 /* Build configuration list for PBXNativeTarget "Mus2018" */ = {
			isa = XCConfigurationList;
			buildConfigurations = (
				D9FFE8A52159D43F00A82E03 /* Debug */,
				D9FFE8A62159D43F00A82E03 /* Release */,
			);
			defaultConfigurationIsVisible = 0;
			defaultConfigurationName = Release;
		};
/* End XCConfigurationList section */

/* Begin XCVersionGroup section */
		D9FFE8992159D43E00A82E03 /* Mus2018.xcdatamodeld */ = {
			isa = XCVersionGroup;
			children = (
				D9FFE89A2159D43E00A82E03 /* Mus2018.xcdatamodel */,
			);
			currentVersion = D9FFE89A2159D43E00A82E03 /* Mus2018.xcdatamodel */;
			path = Mus2018.xcdatamodeld;
			sourceTree = "<group>";
			versionGroupType = wrapper.xcdatamodel;
		};
/* End XCVersionGroup section */
	};
	rootObject = D9FFE8872159D43E00A82E03 /* Project object */;
}
